
Microsoft Visual Studio Solution File, Format Version 12.00
# Visual Studio Version 16
VisualStudioVersion = 16.0.29102.190
MinimumVisualStudioVersion = 10.0.40219.1
Project("{2150E333-8FDC-42A3-9474-1A3956D46DE8}") = "Data", "Data", "{F4E31888-94B2-49FF-A886-C3A7E023010E}"
EndProject
Project("{2150E333-8FDC-42A3-9474-1A3956D46DE8}") = "Services", "Services", "{DE0B5894-1C08-43B5-9C5C-AA7F5C110655}"
EndProject
Project("{2150E333-8FDC-42A3-9474-1A3956D46DE8}") = "Web", "Web", "{13A5316C-F1E5-43BB-BAC6-7995B886545A}"
EndProject
Project("{9A19103F-16F7-4668-BE54-9A1E7A4F7556}") = "WinesWorld.Data.Models", "Data\WinesWorld.Data.Models\WinesWorld.Data.Models.csproj", "{100AA917-05FC-4DA6-84F3-30FBE6484ECC}"
EndProject
Project("{9A19103F-16F7-4668-BE54-9A1E7A4F7556}") = "WinesWorld.Data", "Data\WinesWorld.Data\WinesWorld.Data.csproj", "{EEB3757D-F7AC-405F-82C9-078EE69278A7}"
EndProject
Project("{9A19103F-16F7-4668-BE54-9A1E7A4F7556}") = "WinesWorld.Services.Models", "Services\WinesWorld.Services.Models\WinesWorld.Services.Models.csproj", "{72360E42-A54C-4F41-9260-4946999B9E63}"
EndProject
Project("{9A19103F-16F7-4668-BE54-9A1E7A4F7556}") = "WinesWorld.Services", "Services\WinesWorld.Services\WinesWorld.Services.csproj", "{62F47D7E-379B-410C-99E1-500A3106BB02}"
EndProject
Project("{9A19103F-16F7-4668-BE54-9A1E7A4F7556}") = "WinesWorld.Web", "Web\WinesWorld.Web\WinesWorld.Web.csproj", "{66B33E51-3699-4C22-8FEF-EAD34233AECD}"
EndProject
Project("{9A19103F-16F7-4668-BE54-9A1E7A4F7556}") = "WinesWorld.Web.ViewModels", "Web\WinesWorld.Web.ViewModels\WinesWorld.Web.ViewModels.csproj", "{BFCAD6C2-34D0-4B4F-9EF2-43FB5FC39706}"
EndProject
Project("{FAE04EC0-301F-11D3-BF4B-00C04F79EFBC}") = "WinesWorld.Web.InputModels", "Web\WinesWorld.Web.InputModels\WinesWorld.Web.InputModels.csproj", "{3FEA938A-4F35-475C-BDB6-E5B9A710DB6E}"
EndProject
Global
	GlobalSection(SolutionConfigurationPlatforms) = preSolution
		Debug|Any CPU = Debug|Any CPU
		Release|Any CPU = Release|Any CPU
	EndGlobalSection
	GlobalSection(ProjectConfigurationPlatforms) = postSolution
		{100AA917-05FC-4DA6-84F3-30FBE6484ECC}.Debug|Any CPU.ActiveCfg = Debug|Any CPU
		{100AA917-05FC-4DA6-84F3-30FBE6484ECC}.Debug|Any CPU.Build.0 = Debug|Any CPU
		{100AA917-05FC-4DA6-84F3-30FBE6484ECC}.Release|Any CPU.ActiveCfg = Release|Any CPU
		{100AA917-05FC-4DA6-84F3-30FBE6484ECC}.Release|Any CPU.Build.0 = Release|Any CPU
		{EEB3757D-F7AC-405F-82C9-078EE69278A7}.Debug|Any CPU.ActiveCfg = Debug|Any CPU
		{EEB3757D-F7AC-405F-82C9-078EE69278A7}.Debug|Any CPU.Build.0 = Debug|Any CPU
		{EEB3757D-F7AC-405F-82C9-078EE69278A7}.Release|Any CPU.ActiveCfg = Release|Any CPU
		{EEB3757D-F7AC-405F-82C9-078EE69278A7}.Release|Any CPU.Build.0 = Release|Any CPU
		{72360E42-A54C-4F41-9260-4946999B9E63}.Debug|Any CPU.ActiveCfg = Debug|Any CPU
		{72360E42-A54C-4F41-9260-4946999B9E63}.Debug|Any CPU.Build.0 = Debug|Any CPU
		{72360E42-A54C-4F41-9260-4946999B9E63}.Release|Any CPU.ActiveCfg = Release|Any CPU
		{72360E42-A54C-4F41-9260-4946999B9E63}.Release|Any CPU.Build.0 = Release|Any CPU
		{62F47D7E-379B-410C-99E1-500A3106BB02}.Debug|Any CPU.ActiveCfg = Debug|Any CPU
		{62F47D7E-379B-410C-99E1-500A3106BB02}.Debug|Any CPU.Build.0 = Debug|Any CPU
		{62F47D7E-379B-410C-99E1-500A3106BB02}.Release|Any CPU.ActiveCfg = Release|Any CPU
		{62F47D7E-379B-410C-99E1-500A3106BB02}.Release|Any CPU.Build.0 = Release|Any CPU
		{66B33E51-3699-4C22-8FEF-EAD34233AECD}.Debug|Any CPU.ActiveCfg = Debug|Any CPU
		{66B33E51-3699-4C22-8FEF-EAD34233AECD}.Debug|Any CPU.Build.0 = Debug|Any CPU
		{66B33E51-3699-4C22-8FEF-EAD34233AECD}.Release|Any CPU.ActiveCfg = Release|Any CPU
		{66B33E51-3699-4C22-8FEF-EAD34233AECD}.Release|Any CPU.Build.0 = Release|Any CPU
		{BFCAD6C2-34D0-4B4F-9EF2-43FB5FC39706}.Debug|Any CPU.ActiveCfg = Debug|Any CPU
		{BFCAD6C2-34D0-4B4F-9EF2-43FB5FC39706}.Debug|Any CPU.Build.0 = Debug|Any CPU
		{BFCAD6C2-34D0-4B4F-9EF2-43FB5FC39706}.Release|Any CPU.ActiveCfg = Release|Any CPU
		{BFCAD6C2-34D0-4B4F-9EF2-43FB5FC39706}.Release|Any CPU.Build.0 = Release|Any CPU
		{3FEA938A-4F35-475C-BDB6-E5B9A710DB6E}.Debug|Any CPU.ActiveCfg = Debug|Any CPU
		{3FEA938A-4F35-475C-BDB6-E5B9A710DB6E}.Debug|Any CPU.Build.0 = Debug|Any CPU
		{3FEA938A-4F35-475C-BDB6-E5B9A710DB6E}.Release|Any CPU.ActiveCfg = Release|Any CPU
		{3FEA938A-4F35-475C-BDB6-E5B9A710DB6E}.Release|Any CPU.Build.0 = Release|Any CPU
	EndGlobalSection
	GlobalSection(SolutionProperties) = preSolution
		HideSolutionNode = FALSE
	EndGlobalSection
	GlobalSection(NestedProjects) = preSolution
		{100AA917-05FC-4DA6-84F3-30FBE6484ECC} = {F4E31888-94B2-49FF-A886-C3A7E023010E}
		{EEB3757D-F7AC-405F-82C9-078EE69278A7} = {F4E31888-94B2-49FF-A886-C3A7E023010E}
		{72360E42-A54C-4F41-9260-4946999B9E63} = {DE0B5894-1C08-43B5-9C5C-AA7F5C110655}
		{62F47D7E-379B-410C-99E1-500A3106BB02} = {DE0B5894-1C08-43B5-9C5C-AA7F5C110655}
		{66B33E51-3699-4C22-8FEF-EAD34233AECD} = {13A5316C-F1E5-43BB-BAC6-7995B886545A}
		{BFCAD6C2-34D0-4B4F-9EF2-43FB5FC39706} = {13A5316C-F1E5-43BB-BAC6-7995B886545A}
		{3FEA938A-4F35-475C-BDB6-E5B9A710DB6E} = {13A5316C-F1E5-43BB-BAC6-7995B886545A}
	EndGlobalSection
	GlobalSection(ExtensibilityGlobals) = postSolution
		SolutionGuid = {D69FB609-289B-4659-9CE4-47E866E3A591}
	EndGlobalSection
EndGlobal
